
Microsoft Visual Studio Solution File, Format Version 12.00
# Visual Studio Version 16
VisualStudioVersion = 16.0.30413.136
MinimumVisualStudioVersion = 10.0.40219.1
Project("{FAE04EC0-301F-11D3-BF4B-00C04F79EFBC}") = "Encapsulation", "Encapsulation\Encapsulation.csproj", "{ED345DEC-B388-48F6-91F7-E28FA22A7352}"
EndProject
Global
	GlobalSection(SolutionConfigurationPlatforms) = preSolution
		Debug|Any CPU = Debug|Any CPU
		Release|Any CPU = Release|Any CPU
	EndGlobalSection
	GlobalSection(ProjectConfigurationPlatforms) = postSolution
		{ED345DEC-B388-48F6-91F7-E28FA22A7352}.Debug|Any CPU.ActiveCfg = Debug|Any CPU
		{ED345DEC-B388-48F6-91F7-E28FA22A7352}.Debug|Any CPU.Build.0 = Debug|Any CPU
		{ED345DEC-B388-48F6-91F7-E28FA22A7352}.Release|Any CPU.ActiveCfg = Release|Any CPU
		{ED345DEC-B388-48F6-91F7-E28FA22A7352}.Release|Any CPU.Build.0 = Release|Any CPU
	EndGlobalSection
	GlobalSection(SolutionProperties) = preSolution
		HideSolutionNode = FALSE
	EndGlobalSection
	GlobalSection(ExtensibilityGlobals) = postSolution
		SolutionGuid = {B5F4194A-0580-488C-8889-55D3B8A02AE7}
	EndGlobalSection
EndGlobal
